
Microsoft Visual Studio Solution File, Format Version 12.00
Project("{FAE04EC0-301F-11D3-BF4B-00C04F79EFBC}") = "Trampoline", "src\managed\Trampoline\Trampoline.csproj", "{3A757474-3232-42F8-A554-F0E045AFF263}"
EndProject
Project("{FAE04EC0-301F-11D3-BF4B-00C04F79EFBC}") = "TestApp", "test\TestApp\TestApp.csproj", "{8EA0F30E-CA5C-465F-A007-57336A33D0FC}"
EndProject
Global
	GlobalSection(SolutionConfigurationPlatforms) = preSolution
		Debug|Any CPU = Debug|Any CPU
		Release|Any CPU = Release|Any CPU
	EndGlobalSection
	GlobalSection(ProjectConfigurationPlatforms) = postSolution
		{3A757474-3232-42F8-A554-F0E045AFF263}.Debug|Any CPU.ActiveCfg = Debug|Any CPU
		{3A757474-3232-42F8-A554-F0E045AFF263}.Debug|Any CPU.Build.0 = Debug|Any CPU
		{3A757474-3232-42F8-A554-F0E045AFF263}.Release|Any CPU.ActiveCfg = Release|Any CPU
		{3A757474-3232-42F8-A554-F0E045AFF263}.Release|Any CPU.Build.0 = Release|Any CPU
		{8EA0F30E-CA5C-465F-A007-57336A33D0FC}.Debug|Any CPU.ActiveCfg = Debug|Any CPU
		{8EA0F30E-CA5C-465F-A007-57336A33D0FC}.Debug|Any CPU.Build.0 = Debug|Any CPU
		{8EA0F30E-CA5C-465F-A007-57336A33D0FC}.Release|Any CPU.ActiveCfg = Release|Any CPU
		{8EA0F30E-CA5C-465F-A007-57336A33D0FC}.Release|Any CPU.Build.0 = Release|Any CPU
	EndGlobalSection
EndGlobal
